
Microsoft Visual Studio Solution File, Format Version 12.00
# Visual Studio Version 16
VisualStudioVersion = 16.0.30225.117
MinimumVisualStudioVersion = 10.0.40219.1
Project("{F2A71F9B-5D33-465A-A702-920D77279786}") = "UniversityFunctional", "UniversityFunctional.fsproj", "{25271CA9-DE2A-46AA-9456-52D09A6B67E9}"
EndProject
Project("{F2A71F9B-5D33-465A-A702-920D77279786}") = "UniversityFunctional.Unit", "UniversityFunctional.Unit\UniversityFunctional.Unit.fsproj", "{63C0EFBA-2A9D-4098-94F0-CF51DE2C9241}"
EndProject
Global
	GlobalSection(SolutionConfigurationPlatforms) = preSolution
		Debug|Any CPU = Debug|Any CPU
		Release|Any CPU = Release|Any CPU
	EndGlobalSection
	GlobalSection(ProjectConfigurationPlatforms) = postSolution
		{25271CA9-DE2A-46AA-9456-52D09A6B67E9}.Debug|Any CPU.ActiveCfg = Debug|Any CPU
		{25271CA9-DE2A-46AA-9456-52D09A6B67E9}.Debug|Any CPU.Build.0 = Debug|Any CPU
		{25271CA9-DE2A-46AA-9456-52D09A6B67E9}.Release|Any CPU.ActiveCfg = Release|Any CPU
		{25271CA9-DE2A-46AA-9456-52D09A6B67E9}.Release|Any CPU.Build.0 = Release|Any CPU
		{63C0EFBA-2A9D-4098-94F0-CF51DE2C9241}.Debug|Any CPU.ActiveCfg = Debug|Any CPU
		{63C0EFBA-2A9D-4098-94F0-CF51DE2C9241}.Debug|Any CPU.Build.0 = Debug|Any CPU
		{63C0EFBA-2A9D-4098-94F0-CF51DE2C9241}.Release|Any CPU.ActiveCfg = Release|Any CPU
		{63C0EFBA-2A9D-4098-94F0-CF51DE2C9241}.Release|Any CPU.Build.0 = Release|Any CPU
	EndGlobalSection
	GlobalSection(SolutionProperties) = preSolution
		HideSolutionNode = FALSE
	EndGlobalSection
	GlobalSection(ExtensibilityGlobals) = postSolution
		SolutionGuid = {2918F323-5620-49A1-BB71-03E1D68A3B47}
	EndGlobalSection
EndGlobal
